
Microsoft Visual Studio Solution File, Format Version 12.00
# Visual Studio Version 17
VisualStudioVersion = 17.7.34024.191
MinimumVisualStudioVersion = 10.0.40219.1
Project("{FAE04EC0-301F-11D3-BF4B-00C04F79EFBC}") = "mvcEticaret", "mvcEticaret\mvcEticaret.csproj", "{18F991C1-5809-492E-97CB-A9AB87729E37}"
EndProject
Global
	GlobalSection(SolutionConfigurationPlatforms) = preSolution
		Debug|Any CPU = Debug|Any CPU
		Release|Any CPU = Release|Any CPU
	EndGlobalSection
	GlobalSection(ProjectConfigurationPlatforms) = postSolution
		{18F991C1-5809-492E-97CB-A9AB87729E37}.Debug|Any CPU.ActiveCfg = Debug|Any CPU
		{18F991C1-5809-492E-97CB-A9AB87729E37}.Debug|Any CPU.Build.0 = Debug|Any CPU
		{18F991C1-5809-492E-97CB-A9AB87729E37}.Release|Any CPU.ActiveCfg = Release|Any CPU
		{18F991C1-5809-492E-97CB-A9AB87729E37}.Release|Any CPU.Build.0 = Release|Any CPU
	EndGlobalSection
	GlobalSection(SolutionProperties) = preSolution
		HideSolutionNode = FALSE
	EndGlobalSection
	GlobalSection(ExtensibilityGlobals) = postSolution
		SolutionGuid = {3ED123CB-7D3B-4227-960D-89E07CC70CA8}
	EndGlobalSection
EndGlobal
